
Microsoft Visual Studio Solution File, Format Version 12.00
# Visual Studio Version 17
VisualStudioVersion = 17.4.33213.308
MinimumVisualStudioVersion = 10.0.40219.1
Project("{FAE04EC0-301F-11D3-BF4B-00C04F79EFBC}") = "Deliverable_5", "Deliverable_5\Deliverable_5.csproj", "{B5941653-7ECD-4761-9953-EEAD1CD4DAAA}"
EndProject
Global
	GlobalSection(SolutionConfigurationPlatforms) = preSolution
		Debug|Any CPU = Debug|Any CPU
		Release|Any CPU = Release|Any CPU
	EndGlobalSection
	GlobalSection(ProjectConfigurationPlatforms) = postSolution
		{B5941653-7ECD-4761-9953-EEAD1CD4DAAA}.Debug|Any CPU.ActiveCfg = Debug|Any CPU
		{B5941653-7ECD-4761-9953-EEAD1CD4DAAA}.Debug|Any CPU.Build.0 = Debug|Any CPU
		{B5941653-7ECD-4761-9953-EEAD1CD4DAAA}.Release|Any CPU.ActiveCfg = Release|Any CPU
		{B5941653-7ECD-4761-9953-EEAD1CD4DAAA}.Release|Any CPU.Build.0 = Release|Any CPU
	EndGlobalSection
	GlobalSection(SolutionProperties) = preSolution
		HideSolutionNode = FALSE
	EndGlobalSection
	GlobalSection(ExtensibilityGlobals) = postSolution
		SolutionGuid = {EE8A80F6-9BBC-4478-8487-E65F0123E58D}
	EndGlobalSection
EndGlobal
